
Microsoft Visual Studio Solution File, Format Version 12.00
# Visual Studio Version 17
VisualStudioVersion = 17.13.35828.75
MinimumVisualStudioVersion = 10.0.40219.1
Project("{FAE04EC0-301F-11D3-BF4B-00C04F79EFBC}") = "pixart", "pixart.csproj", "{E26AA5C9-83B8-472E-930B-76F9E4BE2EB8}"
EndProject
Project("{2150E333-8FDC-42A3-9474-1A3956D46DE8}") = "솔루션 항목", "솔루션 항목", "{2A3A057F-5D22-31FD-628C-DF5EF75AEF1E}"
	ProjectSection(SolutionItems) = preProject
		CustomMessageBox.cs = CustomMessageBox.cs
		CustomMessageBox.Designer.cs = CustomMessageBox.Designer.cs
		CustomMessageBoxHelper.cs = CustomMessageBoxHelper.cs
		..\..\..\..\Downloads\별-Photoroom.png = ..\..\..\..\Downloads\별-Photoroom.png
		..\..\..\..\Downloads\설명.png = ..\..\..\..\Downloads\설명.png
	EndProjectSection
EndProject
Project("{2150E333-8FDC-42A3-9474-1A3956D46DE8}") = "Resources", "Resources", "{C8D5274F-AC00-46C7-1F8D-E88E81087A52}"
	ProjectSection(SolutionItems) = preProject
		..\..\..\..\Downloads\별-Photoroom.png = ..\..\..\..\Downloads\별-Photoroom.png
	EndProjectSection
EndProject
Global
	GlobalSection(SolutionConfigurationPlatforms) = preSolution
		Debug|Any CPU = Debug|Any CPU
		Release|Any CPU = Release|Any CPU
	EndGlobalSection
	GlobalSection(ProjectConfigurationPlatforms) = postSolution
		{E26AA5C9-83B8-472E-930B-76F9E4BE2EB8}.Debug|Any CPU.ActiveCfg = Debug|Any CPU
		{E26AA5C9-83B8-472E-930B-76F9E4BE2EB8}.Debug|Any CPU.Build.0 = Debug|Any CPU
		{E26AA5C9-83B8-472E-930B-76F9E4BE2EB8}.Release|Any CPU.ActiveCfg = Release|Any CPU
		{E26AA5C9-83B8-472E-930B-76F9E4BE2EB8}.Release|Any CPU.Build.0 = Release|Any CPU
	EndGlobalSection
	GlobalSection(SolutionProperties) = preSolution
		HideSolutionNode = FALSE
	EndGlobalSection
	GlobalSection(NestedProjects) = preSolution
		{C8D5274F-AC00-46C7-1F8D-E88E81087A52} = {2A3A057F-5D22-31FD-628C-DF5EF75AEF1E}
	EndGlobalSection
	GlobalSection(ExtensibilityGlobals) = postSolution
		SolutionGuid = {EEE31280-10E6-492D-8AA2-F1EA60239BF2}
	EndGlobalSection
EndGlobal
